
Microsoft Visual Studio Solution File, Format Version 12.00
# Visual Studio Version 16
VisualStudioVersion = 16.0.29709.97
MinimumVisualStudioVersion = 10.0.40219.1
Project("{FAE04EC0-301F-11D3-BF4B-00C04F79EFBC}") = "Rest_Web_API_NET_5", "Rest_Web_API_NET_5\Rest_Web_API_NET_5.csproj", "{9121AA3D-CFE7-4E50-9B7F-763FE826D08A}"
EndProject
Global
	GlobalSection(SolutionConfigurationPlatforms) = preSolution
		Debug|Any CPU = Debug|Any CPU
		Release|Any CPU = Release|Any CPU
	EndGlobalSection
	GlobalSection(ProjectConfigurationPlatforms) = postSolution
		{9121AA3D-CFE7-4E50-9B7F-763FE826D08A}.Debug|Any CPU.ActiveCfg = Debug|Any CPU
		{9121AA3D-CFE7-4E50-9B7F-763FE826D08A}.Debug|Any CPU.Build.0 = Debug|Any CPU
		{9121AA3D-CFE7-4E50-9B7F-763FE826D08A}.Release|Any CPU.ActiveCfg = Release|Any CPU
		{9121AA3D-CFE7-4E50-9B7F-763FE826D08A}.Release|Any CPU.Build.0 = Release|Any CPU
	EndGlobalSection
	GlobalSection(SolutionProperties) = preSolution
		HideSolutionNode = FALSE
	EndGlobalSection
	GlobalSection(ExtensibilityGlobals) = postSolution
		SolutionGuid = {56B735E9-F091-41E8-8F2E-7A2F4BB6C733}
	EndGlobalSection
EndGlobal
